
Microsoft Visual Studio Solution File, Format Version 12.00
# Visual Studio Version 17
VisualStudioVersion = 17.7.34031.279
MinimumVisualStudioVersion = 10.0.40219.1
Project("{FAE04EC0-301F-11D3-BF4B-00C04F79EFBC}") = "Module 10 HW", "Module 10 HW\Module 10 HW.csproj", "{994A4EC0-CF4B-40C4-BA48-2ED23A66DB72}"
EndProject
Global
	GlobalSection(SolutionConfigurationPlatforms) = preSolution
		Debug|Any CPU = Debug|Any CPU
		Release|Any CPU = Release|Any CPU
	EndGlobalSection
	GlobalSection(ProjectConfigurationPlatforms) = postSolution
		{994A4EC0-CF4B-40C4-BA48-2ED23A66DB72}.Debug|Any CPU.ActiveCfg = Debug|Any CPU
		{994A4EC0-CF4B-40C4-BA48-2ED23A66DB72}.Debug|Any CPU.Build.0 = Debug|Any CPU
		{994A4EC0-CF4B-40C4-BA48-2ED23A66DB72}.Release|Any CPU.ActiveCfg = Release|Any CPU
		{994A4EC0-CF4B-40C4-BA48-2ED23A66DB72}.Release|Any CPU.Build.0 = Release|Any CPU
	EndGlobalSection
	GlobalSection(SolutionProperties) = preSolution
		HideSolutionNode = FALSE
	EndGlobalSection
	GlobalSection(ExtensibilityGlobals) = postSolution
		SolutionGuid = {8B415A54-5A4E-45C2-BEB7-ED19CA3CEDCE}
	EndGlobalSection
EndGlobal
